
Microsoft Visual Studio Solution File, Format Version 11.00
# Visual Studio 2010
Project("{2150E333-8FDC-42A3-9474-1A3956D46DE8}") = "Components", "Components", "{5EC7A69F-A5DD-4A94-B581-CBB27EC23580}"
EndProject
Project("{2150E333-8FDC-42A3-9474-1A3956D46DE8}") = "Entities", "Entities", "{ED0EB952-9962-4157-993B-863B29C33770}"
EndProject
Project("{2150E333-8FDC-42A3-9474-1A3956D46DE8}") = "ServiceInvokers", "ServiceInvokers", "{313AE85E-51E1-4DA2-B26E-05F7D3B7612F}"
EndProject
Project("{2150E333-8FDC-42A3-9474-1A3956D46DE8}") = "Services", "Services", "{51C47AD3-8331-4A1A-B995-41DAC3467BA7}"
EndProject
Project("{2150E333-8FDC-42A3-9474-1A3956D46DE8}") = "WebClient", "WebClient", "{A7CD812B-F211-4A48-82BE-135718028A85}"
EndProject
Project("{2150E333-8FDC-42A3-9474-1A3956D46DE8}") = "Solution Items", "Solution Items", "{C5763038-042F-4723-9210-B39461B753B4}"
	ProjectSection(SolutionItems) = preProject
		Kaizos.vsmdi = Kaizos.vsmdi
		LocalTestRun.testrunconfig = LocalTestRun.testrunconfig
	EndProjectSection
EndProject
Project("{2150E333-8FDC-42A3-9474-1A3956D46DE8}") = "Master", "Master", "{D4861481-E861-466A-B1C5-8A1CDF0BE6B3}"
EndProject
Project("{2150E333-8FDC-42A3-9474-1A3956D46DE8}") = "Functional", "Functional", "{98A4CA8D-0912-4A2B-9A20-CC3D375D534D}"
EndProject
Project("{FAE04EC0-301F-11D3-BF4B-00C04F79EFBC}") = "ToSManager", "ToSManager\ToSManager.csproj", "{7E0FBAAD-2C82-4610-897C-8E4720636E4B}"
EndProject
Project("{FAE04EC0-301F-11D3-BF4B-00C04F79EFBC}") = "AddressBookManager", "AddressBookManager\AddressBookManager.csproj", "{4175CC34-701E-46C8-A942-83ADE7993995}"
EndProject
Project("{FAE04EC0-301F-11D3-BF4B-00C04F79EFBC}") = "UserManager", "UserManager\UserManager.csproj", "{7FFAAFAA-2258-4150-A4BA-2D3737E72C05}"
EndProject
Project("{FAE04EC0-301F-11D3-BF4B-00C04F79EFBC}") = "ProfileManager", "ProfileManager\ProfileManager.csproj", "{88F9A82E-BC41-415B-A84A-45D46A7D001C}"
EndProject
Project("{FAE04EC0-301F-11D3-BF4B-00C04F79EFBC}") = "ClaimsManager", "ClaimsManager\ClaimsManager.csproj", "{9386E461-1810-488A-808F-5CB1F0C8978F}"
EndProject
Project("{FAE04EC0-301F-11D3-BF4B-00C04F79EFBC}") = "CarriersManager", "CarrierManager\CarriersManager.csproj", "{2AB0567A-33FC-4D17-BD9F-B97FA564BFDE}"
EndProject
Project("{FAE04EC0-301F-11D3-BF4B-00C04F79EFBC}") = "LanguageManager", "LanguageManager\LanguageManager.csproj", "{E9DC2B70-88C7-4217-95D5-41A174AD1958}"
EndProject
Project("{FAE04EC0-301F-11D3-BF4B-00C04F79EFBC}") = "KaizosEntities", "KaizosEntities\KaizosEntities.csproj", "{DF94CE54-906D-4497-845A-0130F58A40D5}"
EndProject
Project("{FAE04EC0-301F-11D3-BF4B-00C04F79EFBC}") = "KaizosServiceLibrary", "KaizosServiceLibrary\KaizosServiceLibrary.csproj", "{4EE8C632-B644-45A6-B6C2-CD7D7D1D12A6}"
EndProject
Project("{FAE04EC0-301F-11D3-BF4B-00C04F79EFBC}") = "KaizosServiceInvokers", "KaizosServiceInvokers\KaizosServiceInvokers.csproj", "{652567A7-9397-4CD7-AD72-B4BFF7602E03}"
	ProjectSection(ProjectDependencies) = postProject
		{0E466398-0924-4D20-8E07-3E9DD9E64D09} = {0E466398-0924-4D20-8E07-3E9DD9E64D09}
		{856D27BD-95F3-479B-9D97-1D9F6AF04691} = {856D27BD-95F3-479B-9D97-1D9F6AF04691}
	EndProjectSection
EndProject
Project("{FAE04EC0-301F-11D3-BF4B-00C04F79EFBC}") = "KaizosService", "KaizosService\KaizosService.csproj", "{0E466398-0924-4D20-8E07-3E9DD9E64D09}"
EndProject
Project("{FAE04EC0-301F-11D3-BF4B-00C04F79EFBC}") = "Kaizos", "Kaizos\Kaizos.csproj", "{7F77EF24-C7CE-4FFA-9673-A9C776B55D28}"
EndProject
Project("{FAE04EC0-301F-11D3-BF4B-00C04F79EFBC}") = "GlobalLibrary", "GlobalLibrary\GlobalLibrary.csproj", "{68B7F3F8-32A5-43B2-A8D6-355238A5EF38}"
EndProject
Project("{FAE04EC0-301F-11D3-BF4B-00C04F79EFBC}") = "KaizosFunctionalServiceLibrary", "KaizosFunctionalServiceLibrary\KaizosFunctionalServiceLibrary.csproj", "{EA29552D-9AA7-4770-A4A0-CE74C35E7B42}"
EndProject
Project("{FAE04EC0-301F-11D3-BF4B-00C04F79EFBC}") = "ShippingManager", "ShippingManager\ShippingManager.csproj", "{A450345D-4124-4E4A-AF76-81CD66579724}"
EndProject
Project("{FAE04EC0-301F-11D3-BF4B-00C04F79EFBC}") = "TariffManager", "TariffManager\TariffManager.csproj", "{42008B78-BA05-4851-85EA-0B336CE8B0F3}"
EndProject
Project("{FAE04EC0-301F-11D3-BF4B-00C04F79EFBC}") = "KaizosFunctionalService", "KaizosFunctionalService\KaizosFunctionalService.csproj", "{856D27BD-95F3-479B-9D97-1D9F6AF04691}"
EndProject
Project("{FAE04EC0-301F-11D3-BF4B-00C04F79EFBC}") = "BusinessEntity", "BusinessEntities\BusinessEntity.csproj", "{8627CDA8-BEA9-4DBF-A4B3-02B3743416D7}"
EndProject
Project("{2150E333-8FDC-42A3-9474-1A3956D46DE8}") = "BusinessEntities", "BusinessEntities", "{BEE72735-8DBB-446F-A32E-8D59EFCB4922}"
EndProject
Project("{2150E333-8FDC-42A3-9474-1A3956D46DE8}") = "Carrier", "Carrier", "{8225365D-F9FA-46B5-82E7-52FCEF31D226}"
EndProject
Project("{FAE04EC0-301F-11D3-BF4B-00C04F79EFBC}") = "GLS", "Gls\GLS.csproj", "{643D8D1D-BF8B-48C1-B406-4D616AD3C3E4}"
EndProject
Project("{FAE04EC0-301F-11D3-BF4B-00C04F79EFBC}") = "TNTINTERNATIONAL", "TNTInternational\TNTINTERNATIONAL.csproj", "{75F51B6A-F7EF-48C0-B39F-784DC5110CA0}"
EndProject
Project("{FAE04EC0-301F-11D3-BF4B-00C04F79EFBC}") = "TNTNATIONAL", "TNTNational\TNTNATIONAL.csproj", "{897849AB-CFA1-4DD8-8EF0-EDC97718CB91}"
EndProject
Global
	GlobalSection(SolutionConfigurationPlatforms) = preSolution
		Debug|Any CPU = Debug|Any CPU
		Release|Any CPU = Release|Any CPU
	EndGlobalSection
	GlobalSection(ProjectConfigurationPlatforms) = postSolution
		{7E0FBAAD-2C82-4610-897C-8E4720636E4B}.Debug|Any CPU.ActiveCfg = Debug|Any CPU
		{7E0FBAAD-2C82-4610-897C-8E4720636E4B}.Debug|Any CPU.Build.0 = Debug|Any CPU
		{7E0FBAAD-2C82-4610-897C-8E4720636E4B}.Release|Any CPU.ActiveCfg = Release|Any CPU
		{7E0FBAAD-2C82-4610-897C-8E4720636E4B}.Release|Any CPU.Build.0 = Release|Any CPU
		{4175CC34-701E-46C8-A942-83ADE7993995}.Debug|Any CPU.ActiveCfg = Debug|Any CPU
		{4175CC34-701E-46C8-A942-83ADE7993995}.Debug|Any CPU.Build.0 = Debug|Any CPU
		{4175CC34-701E-46C8-A942-83ADE7993995}.Release|Any CPU.ActiveCfg = Release|Any CPU
		{4175CC34-701E-46C8-A942-83ADE7993995}.Release|Any CPU.Build.0 = Release|Any CPU
		{7FFAAFAA-2258-4150-A4BA-2D3737E72C05}.Debug|Any CPU.ActiveCfg = Debug|Any CPU
		{7FFAAFAA-2258-4150-A4BA-2D3737E72C05}.Debug|Any CPU.Build.0 = Debug|Any CPU
		{7FFAAFAA-2258-4150-A4BA-2D3737E72C05}.Release|Any CPU.ActiveCfg = Release|Any CPU
		{7FFAAFAA-2258-4150-A4BA-2D3737E72C05}.Release|Any CPU.Build.0 = Release|Any CPU
		{88F9A82E-BC41-415B-A84A-45D46A7D001C}.Debug|Any CPU.ActiveCfg = Debug|Any CPU
		{88F9A82E-BC41-415B-A84A-45D46A7D001C}.Debug|Any CPU.Build.0 = Debug|Any CPU
		{88F9A82E-BC41-415B-A84A-45D46A7D001C}.Release|Any CPU.ActiveCfg = Release|Any CPU
		{88F9A82E-BC41-415B-A84A-45D46A7D001C}.Release|Any CPU.Build.0 = Release|Any CPU
		{9386E461-1810-488A-808F-5CB1F0C8978F}.Debug|Any CPU.ActiveCfg = Debug|Any CPU
		{9386E461-1810-488A-808F-5CB1F0C8978F}.Debug|Any CPU.Build.0 = Debug|Any CPU
		{9386E461-1810-488A-808F-5CB1F0C8978F}.Release|Any CPU.ActiveCfg = Release|Any CPU
		{9386E461-1810-488A-808F-5CB1F0C8978F}.Release|Any CPU.Build.0 = Release|Any CPU
		{2AB0567A-33FC-4D17-BD9F-B97FA564BFDE}.Debug|Any CPU.ActiveCfg = Debug|Any CPU
		{2AB0567A-33FC-4D17-BD9F-B97FA564BFDE}.Debug|Any CPU.Build.0 = Debug|Any CPU
		{2AB0567A-33FC-4D17-BD9F-B97FA564BFDE}.Release|Any CPU.ActiveCfg = Release|Any CPU
		{2AB0567A-33FC-4D17-BD9F-B97FA564BFDE}.Release|Any CPU.Build.0 = Release|Any CPU
		{E9DC2B70-88C7-4217-95D5-41A174AD1958}.Debug|Any CPU.ActiveCfg = Debug|Any CPU
		{E9DC2B70-88C7-4217-95D5-41A174AD1958}.Debug|Any CPU.Build.0 = Debug|Any CPU
		{E9DC2B70-88C7-4217-95D5-41A174AD1958}.Release|Any CPU.ActiveCfg = Release|Any CPU
		{E9DC2B70-88C7-4217-95D5-41A174AD1958}.Release|Any CPU.Build.0 = Release|Any CPU
		{DF94CE54-906D-4497-845A-0130F58A40D5}.Debug|Any CPU.ActiveCfg = Debug|Any CPU
		{DF94CE54-906D-4497-845A-0130F58A40D5}.Debug|Any CPU.Build.0 = Debug|Any CPU
		{DF94CE54-906D-4497-845A-0130F58A40D5}.Release|Any CPU.ActiveCfg = Release|Any CPU
		{DF94CE54-906D-4497-845A-0130F58A40D5}.Release|Any CPU.Build.0 = Release|Any CPU
		{4EE8C632-B644-45A6-B6C2-CD7D7D1D12A6}.Debug|Any CPU.ActiveCfg = Debug|Any CPU
		{4EE8C632-B644-45A6-B6C2-CD7D7D1D12A6}.Debug|Any CPU.Build.0 = Debug|Any CPU
		{4EE8C632-B644-45A6-B6C2-CD7D7D1D12A6}.Release|Any CPU.ActiveCfg = Release|Any CPU
		{4EE8C632-B644-45A6-B6C2-CD7D7D1D12A6}.Release|Any CPU.Build.0 = Release|Any CPU
		{652567A7-9397-4CD7-AD72-B4BFF7602E03}.Debug|Any CPU.ActiveCfg = Debug|Any CPU
		{652567A7-9397-4CD7-AD72-B4BFF7602E03}.Debug|Any CPU.Build.0 = Debug|Any CPU
		{652567A7-9397-4CD7-AD72-B4BFF7602E03}.Release|Any CPU.ActiveCfg = Release|Any CPU
		{652567A7-9397-4CD7-AD72-B4BFF7602E03}.Release|Any CPU.Build.0 = Release|Any CPU
		{0E466398-0924-4D20-8E07-3E9DD9E64D09}.Debug|Any CPU.ActiveCfg = Debug|Any CPU
		{0E466398-0924-4D20-8E07-3E9DD9E64D09}.Debug|Any CPU.Build.0 = Debug|Any CPU
		{0E466398-0924-4D20-8E07-3E9DD9E64D09}.Release|Any CPU.ActiveCfg = Release|Any CPU
		{0E466398-0924-4D20-8E07-3E9DD9E64D09}.Release|Any CPU.Build.0 = Release|Any CPU
		{7F77EF24-C7CE-4FFA-9673-A9C776B55D28}.Debug|Any CPU.ActiveCfg = Debug|Any CPU
		{7F77EF24-C7CE-4FFA-9673-A9C776B55D28}.Debug|Any CPU.Build.0 = Debug|Any CPU
		{7F77EF24-C7CE-4FFA-9673-A9C776B55D28}.Release|Any CPU.ActiveCfg = Release|Any CPU
		{7F77EF24-C7CE-4FFA-9673-A9C776B55D28}.Release|Any CPU.Build.0 = Release|Any CPU
		{68B7F3F8-32A5-43B2-A8D6-355238A5EF38}.Debug|Any CPU.ActiveCfg = Debug|Any CPU
		{68B7F3F8-32A5-43B2-A8D6-355238A5EF38}.Debug|Any CPU.Build.0 = Debug|Any CPU
		{68B7F3F8-32A5-43B2-A8D6-355238A5EF38}.Release|Any CPU.ActiveCfg = Release|Any CPU
		{68B7F3F8-32A5-43B2-A8D6-355238A5EF38}.Release|Any CPU.Build.0 = Release|Any CPU
		{EA29552D-9AA7-4770-A4A0-CE74C35E7B42}.Debug|Any CPU.ActiveCfg = Debug|Any CPU
		{EA29552D-9AA7-4770-A4A0-CE74C35E7B42}.Debug|Any CPU.Build.0 = Debug|Any CPU
		{EA29552D-9AA7-4770-A4A0-CE74C35E7B42}.Release|Any CPU.ActiveCfg = Release|Any CPU
		{EA29552D-9AA7-4770-A4A0-CE74C35E7B42}.Release|Any CPU.Build.0 = Release|Any CPU
		{A450345D-4124-4E4A-AF76-81CD66579724}.Debug|Any CPU.ActiveCfg = Debug|Any CPU
		{A450345D-4124-4E4A-AF76-81CD66579724}.Debug|Any CPU.Build.0 = Debug|Any CPU
		{A450345D-4124-4E4A-AF76-81CD66579724}.Release|Any CPU.ActiveCfg = Release|Any CPU
		{A450345D-4124-4E4A-AF76-81CD66579724}.Release|Any CPU.Build.0 = Release|Any CPU
		{42008B78-BA05-4851-85EA-0B336CE8B0F3}.Debug|Any CPU.ActiveCfg = Debug|Any CPU
		{42008B78-BA05-4851-85EA-0B336CE8B0F3}.Debug|Any CPU.Build.0 = Debug|Any CPU
		{42008B78-BA05-4851-85EA-0B336CE8B0F3}.Release|Any CPU.ActiveCfg = Release|Any CPU
		{42008B78-BA05-4851-85EA-0B336CE8B0F3}.Release|Any CPU.Build.0 = Release|Any CPU
		{856D27BD-95F3-479B-9D97-1D9F6AF04691}.Debug|Any CPU.ActiveCfg = Debug|Any CPU
		{856D27BD-95F3-479B-9D97-1D9F6AF04691}.Debug|Any CPU.Build.0 = Debug|Any CPU
		{856D27BD-95F3-479B-9D97-1D9F6AF04691}.Release|Any CPU.ActiveCfg = Release|Any CPU
		{856D27BD-95F3-479B-9D97-1D9F6AF04691}.Release|Any CPU.Build.0 = Release|Any CPU
		{8627CDA8-BEA9-4DBF-A4B3-02B3743416D7}.Debug|Any CPU.ActiveCfg = Debug|Any CPU
		{8627CDA8-BEA9-4DBF-A4B3-02B3743416D7}.Debug|Any CPU.Build.0 = Debug|Any CPU
		{8627CDA8-BEA9-4DBF-A4B3-02B3743416D7}.Release|Any CPU.ActiveCfg = Release|Any CPU
		{8627CDA8-BEA9-4DBF-A4B3-02B3743416D7}.Release|Any CPU.Build.0 = Release|Any CPU
		{643D8D1D-BF8B-48C1-B406-4D616AD3C3E4}.Debug|Any CPU.ActiveCfg = Debug|Any CPU
		{643D8D1D-BF8B-48C1-B406-4D616AD3C3E4}.Debug|Any CPU.Build.0 = Debug|Any CPU
		{643D8D1D-BF8B-48C1-B406-4D616AD3C3E4}.Release|Any CPU.ActiveCfg = Release|Any CPU
		{643D8D1D-BF8B-48C1-B406-4D616AD3C3E4}.Release|Any CPU.Build.0 = Release|Any CPU
		{75F51B6A-F7EF-48C0-B39F-784DC5110CA0}.Debug|Any CPU.ActiveCfg = Debug|Any CPU
		{75F51B6A-F7EF-48C0-B39F-784DC5110CA0}.Debug|Any CPU.Build.0 = Debug|Any CPU
		{75F51B6A-F7EF-48C0-B39F-784DC5110CA0}.Release|Any CPU.ActiveCfg = Release|Any CPU
		{75F51B6A-F7EF-48C0-B39F-784DC5110CA0}.Release|Any CPU.Build.0 = Release|Any CPU
		{897849AB-CFA1-4DD8-8EF0-EDC97718CB91}.Debug|Any CPU.ActiveCfg = Debug|Any CPU
		{897849AB-CFA1-4DD8-8EF0-EDC97718CB91}.Debug|Any CPU.Build.0 = Debug|Any CPU
		{897849AB-CFA1-4DD8-8EF0-EDC97718CB91}.Release|Any CPU.ActiveCfg = Release|Any CPU
		{897849AB-CFA1-4DD8-8EF0-EDC97718CB91}.Release|Any CPU.Build.0 = Release|Any CPU
	EndGlobalSection
	GlobalSection(SolutionProperties) = preSolution
		HideSolutionNode = FALSE
	EndGlobalSection
	GlobalSection(NestedProjects) = preSolution
		{7E0FBAAD-2C82-4610-897C-8E4720636E4B} = {5EC7A69F-A5DD-4A94-B581-CBB27EC23580}
		{4175CC34-701E-46C8-A942-83ADE7993995} = {5EC7A69F-A5DD-4A94-B581-CBB27EC23580}
		{7FFAAFAA-2258-4150-A4BA-2D3737E72C05} = {5EC7A69F-A5DD-4A94-B581-CBB27EC23580}
		{88F9A82E-BC41-415B-A84A-45D46A7D001C} = {5EC7A69F-A5DD-4A94-B581-CBB27EC23580}
		{9386E461-1810-488A-808F-5CB1F0C8978F} = {5EC7A69F-A5DD-4A94-B581-CBB27EC23580}
		{2AB0567A-33FC-4D17-BD9F-B97FA564BFDE} = {5EC7A69F-A5DD-4A94-B581-CBB27EC23580}
		{E9DC2B70-88C7-4217-95D5-41A174AD1958} = {5EC7A69F-A5DD-4A94-B581-CBB27EC23580}
		{68B7F3F8-32A5-43B2-A8D6-355238A5EF38} = {5EC7A69F-A5DD-4A94-B581-CBB27EC23580}
		{A450345D-4124-4E4A-AF76-81CD66579724} = {5EC7A69F-A5DD-4A94-B581-CBB27EC23580}
		{42008B78-BA05-4851-85EA-0B336CE8B0F3} = {5EC7A69F-A5DD-4A94-B581-CBB27EC23580}
		{DF94CE54-906D-4497-845A-0130F58A40D5} = {ED0EB952-9962-4157-993B-863B29C33770}
		{652567A7-9397-4CD7-AD72-B4BFF7602E03} = {313AE85E-51E1-4DA2-B26E-05F7D3B7612F}
		{D4861481-E861-466A-B1C5-8A1CDF0BE6B3} = {51C47AD3-8331-4A1A-B995-41DAC3467BA7}
		{98A4CA8D-0912-4A2B-9A20-CC3D375D534D} = {51C47AD3-8331-4A1A-B995-41DAC3467BA7}
		{7F77EF24-C7CE-4FFA-9673-A9C776B55D28} = {A7CD812B-F211-4A48-82BE-135718028A85}
		{4EE8C632-B644-45A6-B6C2-CD7D7D1D12A6} = {D4861481-E861-466A-B1C5-8A1CDF0BE6B3}
		{0E466398-0924-4D20-8E07-3E9DD9E64D09} = {D4861481-E861-466A-B1C5-8A1CDF0BE6B3}
		{EA29552D-9AA7-4770-A4A0-CE74C35E7B42} = {98A4CA8D-0912-4A2B-9A20-CC3D375D534D}
		{856D27BD-95F3-479B-9D97-1D9F6AF04691} = {98A4CA8D-0912-4A2B-9A20-CC3D375D534D}
		{8627CDA8-BEA9-4DBF-A4B3-02B3743416D7} = {BEE72735-8DBB-446F-A32E-8D59EFCB4922}
		{643D8D1D-BF8B-48C1-B406-4D616AD3C3E4} = {8225365D-F9FA-46B5-82E7-52FCEF31D226}
		{75F51B6A-F7EF-48C0-B39F-784DC5110CA0} = {8225365D-F9FA-46B5-82E7-52FCEF31D226}
		{897849AB-CFA1-4DD8-8EF0-EDC97718CB91} = {8225365D-F9FA-46B5-82E7-52FCEF31D226}
	EndGlobalSection
EndGlobal
